
Microsoft Visual Studio Solution File, Format Version 12.00
# Visual Studio Version 17
VisualStudioVersion = 17.13.35825.156
MinimumVisualStudioVersion = 10.0.40219.1
Project("{8BC9CEB8-8B4A-11D0-8D11-00A0C91BC942}") = "STL_1", "STL_1\STL_1.vcxproj", "{FE6128F6-B75A-4ADB-BC58-6E05BA32CE94}"
EndProject
Project("{8BC9CEB8-8B4A-11D0-8D11-00A0C91BC942}") = "STL_2", "STL_2\STL_2.vcxproj", "{E905CAAD-78A0-408E-9E49-867280473638}"
EndProject
Project("{8BC9CEB8-8B4A-11D0-8D11-00A0C91BC942}") = "STL_3", "STL_3\STL_3.vcxproj", "{0C2382E8-B124-4E24-A0C2-1E407E50B58A}"
EndProject
Project("{8BC9CEB8-8B4A-11D0-8D11-00A0C91BC942}") = "STL_4", "STL_4\STL_4.vcxproj", "{C98BDFA6-9B1C-4570-8310-74D878E493F6}"
EndProject
Project("{8BC9CEB8-8B4A-11D0-8D11-00A0C91BC942}") = "STL_5", "STL_5\STL_5.vcxproj", "{887CF6BB-03D6-47F7-BCAB-FB8789FB7FF3}"
EndProject
Project("{8BC9CEB8-8B4A-11D0-8D11-00A0C91BC942}") = "STL_6", "STL_6\STL_6.vcxproj", "{CDD4DB58-F93D-4E33-B6BF-A1174199EB49}"
EndProject
Project("{8BC9CEB8-8B4A-11D0-8D11-00A0C91BC942}") = "STL_7", "STL_7\STL_7.vcxproj", "{7C68421B-63AC-49AD-BC63-7D543B0F750B}"
EndProject
Project("{8BC9CEB8-8B4A-11D0-8D11-00A0C91BC942}") = "STL_9", "STL_9\STL_9.vcxproj", "{9E2D916C-3F16-4FA1-95EB-7CEBAC436D20}"
EndProject
Project("{8BC9CEB8-8B4A-11D0-8D11-00A0C91BC942}") = "STL_8", "STL_8\STL_8.vcxproj", "{3B23B0CE-76B4-446D-885C-C403BD719759}"
EndProject
Project("{8BC9CEB8-8B4A-11D0-8D11-00A0C91BC942}") = "STL_10", "STL_10\STL_10.vcxproj", "{5010CA80-B4AC-457B-93DB-60AD0B9960BF}"
EndProject
Project("{8BC9CEB8-8B4A-11D0-8D11-00A0C91BC942}") = "STL_11", "STL_11\STL_11.vcxproj", "{67737FA9-9DF2-4C6A-A950-16A03FD5253E}"
EndProject
Project("{8BC9CEB8-8B4A-11D0-8D11-00A0C91BC942}") = "STL_12", "STL_12\STL_12.vcxproj", "{209A337D-A516-43D7-84F4-F1C4CF298EE6}"
EndProject
Project("{8BC9CEB8-8B4A-11D0-8D11-00A0C91BC942}") = "STL_13", "STL_13\STL_13.vcxproj", "{FCA7D6A5-B5E2-4031-AFE5-547E4D7AD3D2}"
EndProject
Project("{8BC9CEB8-8B4A-11D0-8D11-00A0C91BC942}") = "STL_14", "STL_14\STL_14.vcxproj", "{65BC215F-3000-4DBE-BCD3-217645AD1C1A}"
EndProject
Project("{8BC9CEB8-8B4A-11D0-8D11-00A0C91BC942}") = "STL_15", "STL_15\STL_15.vcxproj", "{4E36F4EF-6F57-4E79-AEEA-0E78B8BCBD6B}"
EndProject
Project("{8BC9CEB8-8B4A-11D0-8D11-00A0C91BC942}") = "STL_16", "STL_16\STL_16.vcxproj", "{915756A3-4492-4975-BA4C-6083E1DA5778}"
EndProject
Project("{8BC9CEB8-8B4A-11D0-8D11-00A0C91BC942}") = "STL_17", "STL_17\STL_17.vcxproj", "{B5860626-2B63-4821-B136-0438D19F1D54}"
EndProject
Project("{8BC9CEB8-8B4A-11D0-8D11-00A0C91BC942}") = "STL_18", "STL_18\STL_18.vcxproj", "{6585C64B-F1AE-472E-A861-F611889B7CC2}"
EndProject
Project("{8BC9CEB8-8B4A-11D0-8D11-00A0C91BC942}") = "STL_19", "STL_19\STL_19.vcxproj", "{3231FCAB-0847-47CD-B9AE-C714D72BF372}"
EndProject
Project("{8BC9CEB8-8B4A-11D0-8D11-00A0C91BC942}") = "STL_21", "STL_21\STL_21.vcxproj", "{0BCE4651-3B19-4FB8-8D4E-877484B6DC0B}"
EndProject
Project("{8BC9CEB8-8B4A-11D0-8D11-00A0C91BC942}") = "STL_22", "STL_22\STL_22.vcxproj", "{B0AC7DF3-DC54-40B0-9173-54DF5621435E}"
EndProject
Project("{8BC9CEB8-8B4A-11D0-8D11-00A0C91BC942}") = "STL_23", "STL_23\STL_23.vcxproj", "{5EEBBC6A-9FEB-412F-8998-2CE25863E62B}"
EndProject
Project("{8BC9CEB8-8B4A-11D0-8D11-00A0C91BC942}") = "STL_24", "STL_24\STL_24.vcxproj", "{4F2D4490-E8D3-4649-A53B-5AEEC474186F}"
EndProject
Project("{8BC9CEB8-8B4A-11D0-8D11-00A0C91BC942}") = "STL_25", "STL_25\STL_25.vcxproj", "{22A3B5DF-830B-491A-84E5-91BD11EE6C6A}"
EndProject
Global
	GlobalSection(SolutionConfigurationPlatforms) = preSolution
		Debug|x64 = Debug|x64
		Debug|x86 = Debug|x86
		Release|x64 = Release|x64
		Release|x86 = Release|x86
	EndGlobalSection
	GlobalSection(ProjectConfigurationPlatforms) = postSolution
		{FE6128F6-B75A-4ADB-BC58-6E05BA32CE94}.Debug|x64.ActiveCfg = Debug|x64
		{FE6128F6-B75A-4ADB-BC58-6E05BA32CE94}.Debug|x64.Build.0 = Debug|x64
		{FE6128F6-B75A-4ADB-BC58-6E05BA32CE94}.Debug|x86.ActiveCfg = Debug|Win32
		{FE6128F6-B75A-4ADB-BC58-6E05BA32CE94}.Debug|x86.Build.0 = Debug|Win32
		{FE6128F6-B75A-4ADB-BC58-6E05BA32CE94}.Release|x64.ActiveCfg = Release|x64
		{FE6128F6-B75A-4ADB-BC58-6E05BA32CE94}.Release|x64.Build.0 = Release|x64
		{FE6128F6-B75A-4ADB-BC58-6E05BA32CE94}.Release|x86.ActiveCfg = Release|Win32
		{FE6128F6-B75A-4ADB-BC58-6E05BA32CE94}.Release|x86.Build.0 = Release|Win32
		{E905CAAD-78A0-408E-9E49-867280473638}.Debug|x64.ActiveCfg = Debug|x64
		{E905CAAD-78A0-408E-9E49-867280473638}.Debug|x64.Build.0 = Debug|x64
		{E905CAAD-78A0-408E-9E49-867280473638}.Debug|x86.ActiveCfg = Debug|Win32
		{E905CAAD-78A0-408E-9E49-867280473638}.Debug|x86.Build.0 = Debug|Win32
		{E905CAAD-78A0-408E-9E49-867280473638}.Release|x64.ActiveCfg = Release|x64
		{E905CAAD-78A0-408E-9E49-867280473638}.Release|x64.Build.0 = Release|x64
		{E905CAAD-78A0-408E-9E49-867280473638}.Release|x86.ActiveCfg = Release|Win32
		{E905CAAD-78A0-408E-9E49-867280473638}.Release|x86.Build.0 = Release|Win32
		{0C2382E8-B124-4E24-A0C2-1E407E50B58A}.Debug|x64.ActiveCfg = Debug|x64
		{0C2382E8-B124-4E24-A0C2-1E407E50B58A}.Debug|x64.Build.0 = Debug|x64
		{0C2382E8-B124-4E24-A0C2-1E407E50B58A}.Debug|x86.ActiveCfg = Debug|Win32
		{0C2382E8-B124-4E24-A0C2-1E407E50B58A}.Debug|x86.Build.0 = Debug|Win32
		{0C2382E8-B124-4E24-A0C2-1E407E50B58A}.Release|x64.ActiveCfg = Release|x64
		{0C2382E8-B124-4E24-A0C2-1E407E50B58A}.Release|x64.Build.0 = Release|x64
		{0C2382E8-B124-4E24-A0C2-1E407E50B58A}.Release|x86.ActiveCfg = Release|Win32
		{0C2382E8-B124-4E24-A0C2-1E407E50B58A}.Release|x86.Build.0 = Release|Win32
		{C98BDFA6-9B1C-4570-8310-74D878E493F6}.Debug|x64.ActiveCfg = Debug|x64
		{C98BDFA6-9B1C-4570-8310-74D878E493F6}.Debug|x64.Build.0 = Debug|x64
		{C98BDFA6-9B1C-4570-8310-74D878E493F6}.Debug|x86.ActiveCfg = Debug|Win32
		{C98BDFA6-9B1C-4570-8310-74D878E493F6}.Debug|x86.Build.0 = Debug|Win32
		{C98BDFA6-9B1C-4570-8310-74D878E493F6}.Release|x64.ActiveCfg = Release|x64
		{C98BDFA6-9B1C-4570-8310-74D878E493F6}.Release|x64.Build.0 = Release|x64
		{C98BDFA6-9B1C-4570-8310-74D878E493F6}.Release|x86.ActiveCfg = Release|Win32
		{C98BDFA6-9B1C-4570-8310-74D878E493F6}.Release|x86.Build.0 = Release|Win32
		{887CF6BB-03D6-47F7-BCAB-FB8789FB7FF3}.Debug|x64.ActiveCfg = Debug|x64
		{887CF6BB-03D6-47F7-BCAB-FB8789FB7FF3}.Debug|x64.Build.0 = Debug|x64
		{887CF6BB-03D6-47F7-BCAB-FB8789FB7FF3}.Debug|x86.ActiveCfg = Debug|Win32
		{887CF6BB-03D6-47F7-BCAB-FB8789FB7FF3}.Debug|x86.Build.0 = Debug|Win32
		{887CF6BB-03D6-47F7-BCAB-FB8789FB7FF3}.Release|x64.ActiveCfg = Release|x64
		{887CF6BB-03D6-47F7-BCAB-FB8789FB7FF3}.Release|x64.Build.0 = Release|x64
		{887CF6BB-03D6-47F7-BCAB-FB8789FB7FF3}.Release|x86.ActiveCfg = Release|Win32
		{887CF6BB-03D6-47F7-BCAB-FB8789FB7FF3}.Release|x86.Build.0 = Release|Win32
		{CDD4DB58-F93D-4E33-B6BF-A1174199EB49}.Debug|x64.ActiveCfg = Debug|x64
		{CDD4DB58-F93D-4E33-B6BF-A1174199EB49}.Debug|x64.Build.0 = Debug|x64
		{CDD4DB58-F93D-4E33-B6BF-A1174199EB49}.Debug|x86.ActiveCfg = Debug|Win32
		{CDD4DB58-F93D-4E33-B6BF-A1174199EB49}.Debug|x86.Build.0 = Debug|Win32
		{CDD4DB58-F93D-4E33-B6BF-A1174199EB49}.Release|x64.ActiveCfg = Release|x64
		{CDD4DB58-F93D-4E33-B6BF-A1174199EB49}.Release|x64.Build.0 = Release|x64
		{CDD4DB58-F93D-4E33-B6BF-A1174199EB49}.Release|x86.ActiveCfg = Release|Win32
		{CDD4DB58-F93D-4E33-B6BF-A1174199EB49}.Release|x86.Build.0 = Release|Win32
		{7C68421B-63AC-49AD-BC63-7D543B0F750B}.Debug|x64.ActiveCfg = Debug|x64
		{7C68421B-63AC-49AD-BC63-7D543B0F750B}.Debug|x64.Build.0 = Debug|x64
		{7C68421B-63AC-49AD-BC63-7D543B0F750B}.Debug|x86.ActiveCfg = Debug|Win32
		{7C68421B-63AC-49AD-BC63-7D543B0F750B}.Debug|x86.Build.0 = Debug|Win32
		{7C68421B-63AC-49AD-BC63-7D543B0F750B}.Release|x64.ActiveCfg = Release|x64
		{7C68421B-63AC-49AD-BC63-7D543B0F750B}.Release|x64.Build.0 = Release|x64
		{7C68421B-63AC-49AD-BC63-7D543B0F750B}.Release|x86.ActiveCfg = Release|Win32
		{7C68421B-63AC-49AD-BC63-7D543B0F750B}.Release|x86.Build.0 = Release|Win32
		{9E2D916C-3F16-4FA1-95EB-7CEBAC436D20}.Debug|x64.ActiveCfg = Debug|x64
		{9E2D916C-3F16-4FA1-95EB-7CEBAC436D20}.Debug|x64.Build.0 = Debug|x64
		{9E2D916C-3F16-4FA1-95EB-7CEBAC436D20}.Debug|x86.ActiveCfg = Debug|Win32
		{9E2D916C-3F16-4FA1-95EB-7CEBAC436D20}.Debug|x86.Build.0 = Debug|Win32
		{9E2D916C-3F16-4FA1-95EB-7CEBAC436D20}.Release|x64.ActiveCfg = Release|x64
		{9E2D916C-3F16-4FA1-95EB-7CEBAC436D20}.Release|x64.Build.0 = Release|x64
		{9E2D916C-3F16-4FA1-95EB-7CEBAC436D20}.Release|x86.ActiveCfg = Release|Win32
		{9E2D916C-3F16-4FA1-95EB-7CEBAC436D20}.Release|x86.Build.0 = Release|Win32
		{3B23B0CE-76B4-446D-885C-C403BD719759}.Debug|x64.ActiveCfg = Debug|x64
		{3B23B0CE-76B4-446D-885C-C403BD719759}.Debug|x64.Build.0 = Debug|x64
		{3B23B0CE-76B4-446D-885C-C403BD719759}.Debug|x86.ActiveCfg = Debug|Win32
		{3B23B0CE-76B4-446D-885C-C403BD719759}.Debug|x86.Build.0 = Debug|Win32
		{3B23B0CE-76B4-446D-885C-C403BD719759}.Release|x64.ActiveCfg = Release|x64
		{3B23B0CE-76B4-446D-885C-C403BD719759}.Release|x64.Build.0 = Release|x64
		{3B23B0CE-76B4-446D-885C-C403BD719759}.Release|x86.ActiveCfg = Release|Win32
		{3B23B0CE-76B4-446D-885C-C403BD719759}.Release|x86.Build.0 = Release|Win32
		{5010CA80-B4AC-457B-93DB-60AD0B9960BF}.Debug|x64.ActiveCfg = Debug|x64
		{5010CA80-B4AC-457B-93DB-60AD0B9960BF}.Debug|x64.Build.0 = Debug|x64
		{5010CA80-B4AC-457B-93DB-60AD0B9960BF}.Debug|x86.ActiveCfg = Debug|Win32
		{5010CA80-B4AC-457B-93DB-60AD0B9960BF}.Debug|x86.Build.0 = Debug|Win32
		{5010CA80-B4AC-457B-93DB-60AD0B9960BF}.Release|x64.ActiveCfg = Release|x64
		{5010CA80-B4AC-457B-93DB-60AD0B9960BF}.Release|x64.Build.0 = Release|x64
		{5010CA80-B4AC-457B-93DB-60AD0B9960BF}.Release|x86.ActiveCfg = Release|Win32
		{5010CA80-B4AC-457B-93DB-60AD0B9960BF}.Release|x86.Build.0 = Release|Win32
		{67737FA9-9DF2-4C6A-A950-16A03FD5253E}.Debug|x64.ActiveCfg = Debug|x64
		{67737FA9-9DF2-4C6A-A950-16A03FD5253E}.Debug|x64.Build.0 = Debug|x64
		{67737FA9-9DF2-4C6A-A950-16A03FD5253E}.Debug|x86.ActiveCfg = Debug|Win32
		{67737FA9-9DF2-4C6A-A950-16A03FD5253E}.Debug|x86.Build.0 = Debug|Win32
		{67737FA9-9DF2-4C6A-A950-16A03FD5253E}.Release|x64.ActiveCfg = Release|x64
		{67737FA9-9DF2-4C6A-A950-16A03FD5253E}.Release|x64.Build.0 = Release|x64
		{67737FA9-9DF2-4C6A-A950-16A03FD5253E}.Release|x86.ActiveCfg = Release|Win32
		{67737FA9-9DF2-4C6A-A950-16A03FD5253E}.Release|x86.Build.0 = Release|Win32
		{209A337D-A516-43D7-84F4-F1C4CF298EE6}.Debug|x64.ActiveCfg = Debug|x64
		{209A337D-A516-43D7-84F4-F1C4CF298EE6}.Debug|x64.Build.0 = Debug|x64
		{209A337D-A516-43D7-84F4-F1C4CF298EE6}.Debug|x86.ActiveCfg = Debug|Win32
		{209A337D-A516-43D7-84F4-F1C4CF298EE6}.Debug|x86.Build.0 = Debug|Win32
		{209A337D-A516-43D7-84F4-F1C4CF298EE6}.Release|x64.ActiveCfg = Release|x64
		{209A337D-A516-43D7-84F4-F1C4CF298EE6}.Release|x64.Build.0 = Release|x64
		{209A337D-A516-43D7-84F4-F1C4CF298EE6}.Release|x86.ActiveCfg = Release|Win32
		{209A337D-A516-43D7-84F4-F1C4CF298EE6}.Release|x86.Build.0 = Release|Win32
		{FCA7D6A5-B5E2-4031-AFE5-547E4D7AD3D2}.Debug|x64.ActiveCfg = Debug|x64
		{FCA7D6A5-B5E2-4031-AFE5-547E4D7AD3D2}.Debug|x64.Build.0 = Debug|x64
		{FCA7D6A5-B5E2-4031-AFE5-547E4D7AD3D2}.Debug|x86.ActiveCfg = Debug|Win32
		{FCA7D6A5-B5E2-4031-AFE5-547E4D7AD3D2}.Debug|x86.Build.0 = Debug|Win32
		{FCA7D6A5-B5E2-4031-AFE5-547E4D7AD3D2}.Release|x64.ActiveCfg = Release|x64
		{FCA7D6A5-B5E2-4031-AFE5-547E4D7AD3D2}.Release|x64.Build.0 = Release|x64
		{FCA7D6A5-B5E2-4031-AFE5-547E4D7AD3D2}.Release|x86.ActiveCfg = Release|Win32
		{FCA7D6A5-B5E2-4031-AFE5-547E4D7AD3D2}.Release|x86.Build.0 = Release|Win32
		{65BC215F-3000-4DBE-BCD3-217645AD1C1A}.Debug|x64.ActiveCfg = Debug|x64
		{65BC215F-3000-4DBE-BCD3-217645AD1C1A}.Debug|x64.Build.0 = Debug|x64
		{65BC215F-3000-4DBE-BCD3-217645AD1C1A}.Debug|x86.ActiveCfg = Debug|Win32
		{65BC215F-3000-4DBE-BCD3-217645AD1C1A}.Debug|x86.Build.0 = Debug|Win32
		{65BC215F-3000-4DBE-BCD3-217645AD1C1A}.Release|x64.ActiveCfg = Release|x64
		{65BC215F-3000-4DBE-BCD3-217645AD1C1A}.Release|x64.Build.0 = Release|x64
		{65BC215F-3000-4DBE-BCD3-217645AD1C1A}.Release|x86.ActiveCfg = Release|Win32
		{65BC215F-3000-4DBE-BCD3-217645AD1C1A}.Release|x86.Build.0 = Release|Win32
		{4E36F4EF-6F57-4E79-AEEA-0E78B8BCBD6B}.Debug|x64.ActiveCfg = Debug|x64
		{4E36F4EF-6F57-4E79-AEEA-0E78B8BCBD6B}.Debug|x64.Build.0 = Debug|x64
		{4E36F4EF-6F57-4E79-AEEA-0E78B8BCBD6B}.Debug|x86.ActiveCfg = Debug|Win32
		{4E36F4EF-6F57-4E79-AEEA-0E78B8BCBD6B}.Debug|x86.Build.0 = Debug|Win32
		{4E36F4EF-6F57-4E79-AEEA-0E78B8BCBD6B}.Release|x64.ActiveCfg = Release|x64
		{4E36F4EF-6F57-4E79-AEEA-0E78B8BCBD6B}.Release|x64.Build.0 = Release|x64
		{4E36F4EF-6F57-4E79-AEEA-0E78B8BCBD6B}.Release|x86.ActiveCfg = Release|Win32
		{4E36F4EF-6F57-4E79-AEEA-0E78B8BCBD6B}.Release|x86.Build.0 = Release|Win32
		{915756A3-4492-4975-BA4C-6083E1DA5778}.Debug|x64.ActiveCfg = Debug|x64
		{915756A3-4492-4975-BA4C-6083E1DA5778}.Debug|x64.Build.0 = Debug|x64
		{915756A3-4492-4975-BA4C-6083E1DA5778}.Debug|x86.ActiveCfg = Debug|Win32
		{915756A3-4492-4975-BA4C-6083E1DA5778}.Debug|x86.Build.0 = Debug|Win32
		{915756A3-4492-4975-BA4C-6083E1DA5778}.Release|x64.ActiveCfg = Release|x64
		{915756A3-4492-4975-BA4C-6083E1DA5778}.Release|x64.Build.0 = Release|x64
		{915756A3-4492-4975-BA4C-6083E1DA5778}.Release|x86.ActiveCfg = Release|Win32
		{915756A3-4492-4975-BA4C-6083E1DA5778}.Release|x86.Build.0 = Release|Win32
		{B5860626-2B63-4821-B136-0438D19F1D54}.Debug|x64.ActiveCfg = Debug|x64
		{B5860626-2B63-4821-B136-0438D19F1D54}.Debug|x64.Build.0 = Debug|x64
		{B5860626-2B63-4821-B136-0438D19F1D54}.Debug|x86.ActiveCfg = Debug|Win32
		{B5860626-2B63-4821-B136-0438D19F1D54}.Debug|x86.Build.0 = Debug|Win32
		{B5860626-2B63-4821-B136-0438D19F1D54}.Release|x64.ActiveCfg = Release|x64
		{B5860626-2B63-4821-B136-0438D19F1D54}.Release|x64.Build.0 = Release|x64
		{B5860626-2B63-4821-B136-0438D19F1D54}.Release|x86.ActiveCfg = Release|Win32
		{B5860626-2B63-4821-B136-0438D19F1D54}.Release|x86.Build.0 = Release|Win32
		{6585C64B-F1AE-472E-A861-F611889B7CC2}.Debug|x64.ActiveCfg = Debug|x64
		{6585C64B-F1AE-472E-A861-F611889B7CC2}.Debug|x64.Build.0 = Debug|x64
		{6585C64B-F1AE-472E-A861-F611889B7CC2}.Debug|x86.ActiveCfg = Debug|Win32
		{6585C64B-F1AE-472E-A861-F611889B7CC2}.Debug|x86.Build.0 = Debug|Win32
		{6585C64B-F1AE-472E-A861-F611889B7CC2}.Release|x64.ActiveCfg = Release|x64
		{6585C64B-F1AE-472E-A861-F611889B7CC2}.Release|x64.Build.0 = Release|x64
		{6585C64B-F1AE-472E-A861-F611889B7CC2}.Release|x86.ActiveCfg = Release|Win32
		{6585C64B-F1AE-472E-A861-F611889B7CC2}.Release|x86.Build.0 = Release|Win32
		{3231FCAB-0847-47CD-B9AE-C714D72BF372}.Debug|x64.ActiveCfg = Debug|x64
		{3231FCAB-0847-47CD-B9AE-C714D72BF372}.Debug|x64.Build.0 = Debug|x64
		{3231FCAB-0847-47CD-B9AE-C714D72BF372}.Debug|x86.ActiveCfg = Debug|Win32
		{3231FCAB-0847-47CD-B9AE-C714D72BF372}.Debug|x86.Build.0 = Debug|Win32
		{3231FCAB-0847-47CD-B9AE-C714D72BF372}.Release|x64.ActiveCfg = Release|x64
		{3231FCAB-0847-47CD-B9AE-C714D72BF372}.Release|x64.Build.0 = Release|x64
		{3231FCAB-0847-47CD-B9AE-C714D72BF372}.Release|x86.ActiveCfg = Release|Win32
		{3231FCAB-0847-47CD-B9AE-C714D72BF372}.Release|x86.Build.0 = Release|Win32
		{0BCE4651-3B19-4FB8-8D4E-877484B6DC0B}.Debug|x64.ActiveCfg = Debug|x64
		{0BCE4651-3B19-4FB8-8D4E-877484B6DC0B}.Debug|x64.Build.0 = Debug|x64
		{0BCE4651-3B19-4FB8-8D4E-877484B6DC0B}.Debug|x86.ActiveCfg = Debug|Win32
		{0BCE4651-3B19-4FB8-8D4E-877484B6DC0B}.Debug|x86.Build.0 = Debug|Win32
		{0BCE4651-3B19-4FB8-8D4E-877484B6DC0B}.Release|x64.ActiveCfg = Release|x64
		{0BCE4651-3B19-4FB8-8D4E-877484B6DC0B}.Release|x64.Build.0 = Release|x64
		{0BCE4651-3B19-4FB8-8D4E-877484B6DC0B}.Release|x86.ActiveCfg = Release|Win32
		{0BCE4651-3B19-4FB8-8D4E-877484B6DC0B}.Release|x86.Build.0 = Release|Win32
		{B0AC7DF3-DC54-40B0-9173-54DF5621435E}.Debug|x64.ActiveCfg = Debug|x64
		{B0AC7DF3-DC54-40B0-9173-54DF5621435E}.Debug|x64.Build.0 = Debug|x64
		{B0AC7DF3-DC54-40B0-9173-54DF5621435E}.Debug|x86.ActiveCfg = Debug|Win32
		{B0AC7DF3-DC54-40B0-9173-54DF5621435E}.Debug|x86.Build.0 = Debug|Win32
		{B0AC7DF3-DC54-40B0-9173-54DF5621435E}.Release|x64.ActiveCfg = Release|x64
		{B0AC7DF3-DC54-40B0-9173-54DF5621435E}.Release|x64.Build.0 = Release|x64
		{B0AC7DF3-DC54-40B0-9173-54DF5621435E}.Release|x86.ActiveCfg = Release|Win32
		{B0AC7DF3-DC54-40B0-9173-54DF5621435E}.Release|x86.Build.0 = Release|Win32
		{5EEBBC6A-9FEB-412F-8998-2CE25863E62B}.Debug|x64.ActiveCfg = Debug|x64
		{5EEBBC6A-9FEB-412F-8998-2CE25863E62B}.Debug|x64.Build.0 = Debug|x64
		{5EEBBC6A-9FEB-412F-8998-2CE25863E62B}.Debug|x86.ActiveCfg = Debug|Win32
		{5EEBBC6A-9FEB-412F-8998-2CE25863E62B}.Debug|x86.Build.0 = Debug|Win32
		{5EEBBC6A-9FEB-412F-8998-2CE25863E62B}.Release|x64.ActiveCfg = Release|x64
		{5EEBBC6A-9FEB-412F-8998-2CE25863E62B}.Release|x64.Build.0 = Release|x64
		{5EEBBC6A-9FEB-412F-8998-2CE25863E62B}.Release|x86.ActiveCfg = Release|Win32
		{5EEBBC6A-9FEB-412F-8998-2CE25863E62B}.Release|x86.Build.0 = Release|Win32
		{4F2D4490-E8D3-4649-A53B-5AEEC474186F}.Debug|x64.ActiveCfg = Debug|x64
		{4F2D4490-E8D3-4649-A53B-5AEEC474186F}.Debug|x64.Build.0 = Debug|x64
		{4F2D4490-E8D3-4649-A53B-5AEEC474186F}.Debug|x86.ActiveCfg = Debug|Win32
		{4F2D4490-E8D3-4649-A53B-5AEEC474186F}.Debug|x86.Build.0 = Debug|Win32
		{4F2D4490-E8D3-4649-A53B-5AEEC474186F}.Release|x64.ActiveCfg = Release|x64
		{4F2D4490-E8D3-4649-A53B-5AEEC474186F}.Release|x64.Build.0 = Release|x64
		{4F2D4490-E8D3-4649-A53B-5AEEC474186F}.Release|x86.ActiveCfg = Release|Win32
		{4F2D4490-E8D3-4649-A53B-5AEEC474186F}.Release|x86.Build.0 = Release|Win32
		{22A3B5DF-830B-491A-84E5-91BD11EE6C6A}.Debug|x64.ActiveCfg = Debug|x64
		{22A3B5DF-830B-491A-84E5-91BD11EE6C6A}.Debug|x64.Build.0 = Debug|x64
		{22A3B5DF-830B-491A-84E5-91BD11EE6C6A}.Debug|x86.ActiveCfg = Debug|Win32
		{22A3B5DF-830B-491A-84E5-91BD11EE6C6A}.Debug|x86.Build.0 = Debug|Win32
		{22A3B5DF-830B-491A-84E5-91BD11EE6C6A}.Release|x64.ActiveCfg = Release|x64
		{22A3B5DF-830B-491A-84E5-91BD11EE6C6A}.Release|x64.Build.0 = Release|x64
		{22A3B5DF-830B-491A-84E5-91BD11EE6C6A}.Release|x86.ActiveCfg = Release|Win32
		{22A3B5DF-830B-491A-84E5-91BD11EE6C6A}.Release|x86.Build.0 = Release|Win32
	EndGlobalSection
	GlobalSection(SolutionProperties) = preSolution
		HideSolutionNode = FALSE
	EndGlobalSection
	GlobalSection(ExtensibilityGlobals) = postSolution
		SolutionGuid = {DF45FD15-EAE1-41CF-910A-20C47F7AEF3B}
	EndGlobalSection
EndGlobal
